
Microsoft Visual Studio Solution File, Format Version 12.00
# Visual Studio Version 17
VisualStudioVersion = 17.4.33122.133
MinimumVisualStudioVersion = 10.0.40219.1
Project("{FAE04EC0-301F-11D3-BF4B-00C04F79EFBC}") = "FactoryProfitCalculator", "FactoryProfitCalculator.csproj", "{D518BBBA-CDC4-4D3E-8D5E-DB168A318EEB}"
EndProject
Global
	GlobalSection(SolutionConfigurationPlatforms) = preSolution
		Debug|Any CPU = Debug|Any CPU
		Release|Any CPU = Release|Any CPU
	EndGlobalSection
	GlobalSection(ProjectConfigurationPlatforms) = postSolution
		{D518BBBA-CDC4-4D3E-8D5E-DB168A318EEB}.Debug|Any CPU.ActiveCfg = Debug|Any CPU
		{D518BBBA-CDC4-4D3E-8D5E-DB168A318EEB}.Debug|Any CPU.Build.0 = Debug|Any CPU
		{D518BBBA-CDC4-4D3E-8D5E-DB168A318EEB}.Release|Any CPU.ActiveCfg = Release|Any CPU
		{D518BBBA-CDC4-4D3E-8D5E-DB168A318EEB}.Release|Any CPU.Build.0 = Release|Any CPU
	EndGlobalSection
	GlobalSection(SolutionProperties) = preSolution
		HideSolutionNode = FALSE
	EndGlobalSection
	GlobalSection(ExtensibilityGlobals) = postSolution
		SolutionGuid = {1FB288E1-B2E7-47E0-BD3F-9E6ED48E9DDD}
	EndGlobalSection
EndGlobal
